
Microsoft Visual Studio Solution File, Format Version 12.00
# Visual Studio Version 17
VisualStudioVersion = 17.4.33213.308
MinimumVisualStudioVersion = 10.0.40219.1
Project("{9A19103F-16F7-4668-BE54-9A1E7A4F7556}") = "FileStorage", "FileStorage\FileStorage.csproj", "{964643E5-3868-458F-B769-4AA648B0B7EC}"
EndProject
Project("{9A19103F-16F7-4668-BE54-9A1E7A4F7556}") = "VideoProcessing", "VideoProcessing\VideoProcessing.csproj", "{28319218-95F6-406F-8F6F-1BED8C073E57}"
EndProject
Project("{9A19103F-16F7-4668-BE54-9A1E7A4F7556}") = "FileStorageTests", "FileStorageTests\FileStorageTests.csproj", "{DE766354-5E3A-41FA-BFAD-A8D2CF8FEE1E}"
EndProject
Project("{9A19103F-16F7-4668-BE54-9A1E7A4F7556}") = "FileUploadWeb", "FileUploadWeb\FileUploadWeb.csproj", "{97152E27-5C2B-4B2C-9977-D04791C915F3}"
EndProject
Project("{FAE04EC0-301F-11D3-BF4B-00C04F79EFBC}") = "DiscordBot", "DiscordBot\DiscordBot.csproj", "{2C62380B-F335-4CD6-982F-52AA9F301F06}"
EndProject
Global
	GlobalSection(SolutionConfigurationPlatforms) = preSolution
		Debug|Any CPU = Debug|Any CPU
		Release|Any CPU = Release|Any CPU
	EndGlobalSection
	GlobalSection(ProjectConfigurationPlatforms) = postSolution
		{964643E5-3868-458F-B769-4AA648B0B7EC}.Debug|Any CPU.ActiveCfg = Debug|Any CPU
		{964643E5-3868-458F-B769-4AA648B0B7EC}.Debug|Any CPU.Build.0 = Debug|Any CPU
		{964643E5-3868-458F-B769-4AA648B0B7EC}.Release|Any CPU.ActiveCfg = Release|Any CPU
		{964643E5-3868-458F-B769-4AA648B0B7EC}.Release|Any CPU.Build.0 = Release|Any CPU
		{28319218-95F6-406F-8F6F-1BED8C073E57}.Debug|Any CPU.ActiveCfg = Debug|Any CPU
		{28319218-95F6-406F-8F6F-1BED8C073E57}.Debug|Any CPU.Build.0 = Debug|Any CPU
		{28319218-95F6-406F-8F6F-1BED8C073E57}.Release|Any CPU.ActiveCfg = Release|Any CPU
		{28319218-95F6-406F-8F6F-1BED8C073E57}.Release|Any CPU.Build.0 = Release|Any CPU
		{DE766354-5E3A-41FA-BFAD-A8D2CF8FEE1E}.Debug|Any CPU.ActiveCfg = Debug|Any CPU
		{DE766354-5E3A-41FA-BFAD-A8D2CF8FEE1E}.Debug|Any CPU.Build.0 = Debug|Any CPU
		{DE766354-5E3A-41FA-BFAD-A8D2CF8FEE1E}.Release|Any CPU.ActiveCfg = Release|Any CPU
		{DE766354-5E3A-41FA-BFAD-A8D2CF8FEE1E}.Release|Any CPU.Build.0 = Release|Any CPU
		{97152E27-5C2B-4B2C-9977-D04791C915F3}.Debug|Any CPU.ActiveCfg = Debug|Any CPU
		{97152E27-5C2B-4B2C-9977-D04791C915F3}.Debug|Any CPU.Build.0 = Debug|Any CPU
		{97152E27-5C2B-4B2C-9977-D04791C915F3}.Release|Any CPU.ActiveCfg = Release|Any CPU
		{97152E27-5C2B-4B2C-9977-D04791C915F3}.Release|Any CPU.Build.0 = Release|Any CPU
		{2C62380B-F335-4CD6-982F-52AA9F301F06}.Debug|Any CPU.ActiveCfg = Debug|Any CPU
		{2C62380B-F335-4CD6-982F-52AA9F301F06}.Debug|Any CPU.Build.0 = Debug|Any CPU
		{2C62380B-F335-4CD6-982F-52AA9F301F06}.Release|Any CPU.ActiveCfg = Release|Any CPU
		{2C62380B-F335-4CD6-982F-52AA9F301F06}.Release|Any CPU.Build.0 = Release|Any CPU
	EndGlobalSection
	GlobalSection(SolutionProperties) = preSolution
		HideSolutionNode = FALSE
	EndGlobalSection
	GlobalSection(ExtensibilityGlobals) = postSolution
		SolutionGuid = {5B485D01-3823-4B7C-88A4-BDB393416215}
	EndGlobalSection
EndGlobal
