
Microsoft Visual Studio Solution File, Format Version 12.00
Project("{FAE04EC0-301F-11D3-BF4B-00C04F79EFBC}") = "FileStorage", "FileStorage\FileStorage.csproj", "{964643E5-3868-458F-B769-4AA648B0B7EC}"
EndProject
Project("{FAE04EC0-301F-11D3-BF4B-00C04F79EFBC}") = "VideoProcessing", "VideoProcessing\VideoProcessing.csproj", "{28319218-95F6-406F-8F6F-1BED8C073E57}"
EndProject
Project("{FAE04EC0-301F-11D3-BF4B-00C04F79EFBC}") = "FileStorageTests", "FileStorageTests\FileStorageTests.csproj", "{DE766354-5E3A-41FA-BFAD-A8D2CF8FEE1E}"
EndProject
Project("{FAE04EC0-301F-11D3-BF4B-00C04F79EFBC}") = "FileUploadWeb", "FileUploadWeb\FileUploadWeb.csproj", "{97152E27-5C2B-4B2C-9977-D04791C915F3}"
EndProject
Global
	GlobalSection(SolutionConfigurationPlatforms) = preSolution
		Debug|Any CPU = Debug|Any CPU
		Release|Any CPU = Release|Any CPU
	EndGlobalSection
	GlobalSection(ProjectConfigurationPlatforms) = postSolution
		{964643E5-3868-458F-B769-4AA648B0B7EC}.Debug|Any CPU.ActiveCfg = Debug|Any CPU
		{964643E5-3868-458F-B769-4AA648B0B7EC}.Debug|Any CPU.Build.0 = Debug|Any CPU
		{964643E5-3868-458F-B769-4AA648B0B7EC}.Release|Any CPU.ActiveCfg = Release|Any CPU
		{964643E5-3868-458F-B769-4AA648B0B7EC}.Release|Any CPU.Build.0 = Release|Any CPU
		{28319218-95F6-406F-8F6F-1BED8C073E57}.Debug|Any CPU.ActiveCfg = Debug|Any CPU
		{28319218-95F6-406F-8F6F-1BED8C073E57}.Debug|Any CPU.Build.0 = Debug|Any CPU
		{28319218-95F6-406F-8F6F-1BED8C073E57}.Release|Any CPU.ActiveCfg = Release|Any CPU
		{28319218-95F6-406F-8F6F-1BED8C073E57}.Release|Any CPU.Build.0 = Release|Any CPU
		{DE766354-5E3A-41FA-BFAD-A8D2CF8FEE1E}.Debug|Any CPU.ActiveCfg = Debug|Any CPU
		{DE766354-5E3A-41FA-BFAD-A8D2CF8FEE1E}.Debug|Any CPU.Build.0 = Debug|Any CPU
		{DE766354-5E3A-41FA-BFAD-A8D2CF8FEE1E}.Release|Any CPU.ActiveCfg = Release|Any CPU
		{DE766354-5E3A-41FA-BFAD-A8D2CF8FEE1E}.Release|Any CPU.Build.0 = Release|Any CPU
		{97152E27-5C2B-4B2C-9977-D04791C915F3}.Debug|Any CPU.ActiveCfg = Debug|Any CPU
		{97152E27-5C2B-4B2C-9977-D04791C915F3}.Debug|Any CPU.Build.0 = Debug|Any CPU
		{97152E27-5C2B-4B2C-9977-D04791C915F3}.Release|Any CPU.ActiveCfg = Release|Any CPU
		{97152E27-5C2B-4B2C-9977-D04791C915F3}.Release|Any CPU.Build.0 = Release|Any CPU
	EndGlobalSection
EndGlobal
